
Microsoft Visual Studio Solution File, Format Version 12.00
# Visual Studio Version 17
VisualStudioVersion = 17.3.32825.248
MinimumVisualStudioVersion = 10.0.40219.1
Project("{FAE04EC0-301F-11D3-BF4B-00C04F79EFBC}") = "AspnetCoreCodeSnippets.Library", "AspnetCoreCodeSnippets.Library\AspnetCoreCodeSnippets.Library.csproj", "{7C78F061-1E3B-4A56-8809-D5A2B284D09B}"
EndProject
Global
	GlobalSection(SolutionConfigurationPlatforms) = preSolution
		Debug|Any CPU = Debug|Any CPU
		Release|Any CPU = Release|Any CPU
	EndGlobalSection
	GlobalSection(ProjectConfigurationPlatforms) = postSolution
		{7C78F061-1E3B-4A56-8809-D5A2B284D09B}.Debug|Any CPU.ActiveCfg = Debug|Any CPU
		{7C78F061-1E3B-4A56-8809-D5A2B284D09B}.Debug|Any CPU.Build.0 = Debug|Any CPU
		{7C78F061-1E3B-4A56-8809-D5A2B284D09B}.Release|Any CPU.ActiveCfg = Release|Any CPU
		{7C78F061-1E3B-4A56-8809-D5A2B284D09B}.Release|Any CPU.Build.0 = Release|Any CPU
	EndGlobalSection
	GlobalSection(SolutionProperties) = preSolution
		HideSolutionNode = FALSE
	EndGlobalSection
	GlobalSection(ExtensibilityGlobals) = postSolution
		SolutionGuid = {2AE4A277-C121-4F76-8B95-E80FC8ED87D5}
	EndGlobalSection
EndGlobal
